// !$*UTF8*$!
{
	archiveVersion = 1;
	classes = {
	};
	objectVersion = 48;
	objects = {

/* Begin PBXBuildFile section */
		CEAFA5B41FDDB1F1004F16A5 /* AppDelegate.swift in Sources */ = {isa = PBXBuildFile; fileRef = CEAFA5B31FDDB1F1004F16A5 /* AppDelegate.swift */; };
		CEAFA5B61FDDB1F1004F16A5 /* ViewController.swift in Sources */ = {isa = PBXBuildFile; fileRef = CEAFA5B51FDDB1F1004F16A5 /* ViewController.swift */; };
		CEAFA5B91FDDB1F1004F16A5 /* Main.storyboard in Resources */ = {isa = PBXBuildFile; fileRef = CEAFA5B71FDDB1F1004F16A5 /* Main.storyboard */; };
		CEAFA5BB1FDDB1F1004F16A5 /* Assets.xcassets in Resources */ = {isa = PBXBuildFile; fileRef = CEAFA5BA1FDDB1F1004F16A5 /* Assets.xcassets */; };
		CEAFA5BE1FDDB1F2004F16A5 /* LaunchScreen.storyboard in Resources */ = {isa = PBXBuildFile; fileRef = CEAFA5BC1FDDB1F2004F16A5 /* LaunchScreen.storyboard */; };
		CEAFA5C91FDDB1F2004F16A5 /* navigation_controllerTests.swift in Sources */ = {isa = PBXBuildFile; fileRef = CEAFA5C81FDDB1F2004F16A5 /* navigation_controllerTests.swift */; };
		CEAFA5D41FDDB1F2004F16A5 /* navigation_controllerUITests.swift in Sources */ = {isa = PBXBuildFile; fileRef = CEAFA5D31FDDB1F2004F16A5 /* navigation_controllerUITests.swift */; };
		CEAFA5E21FDDB293004F16A5 /* LoginViewController.swift in Sources */ = {isa = PBXBuildFile; fileRef = CEAFA5E11FDDB293004F16A5 /* LoginViewController.swift */; };
		CEAFA5E41FDDB546004F16A5 /* DetailViewController.swift in Sources */ = {isa = PBXBuildFile; fileRef = CEAFA5E31FDDB546004F16A5 /* DetailViewController.swift */; };
		CEAFA5E71FDDB697004F16A5 /* MainNavigationController.swift in Sources */ = {isa = PBXBuildFile; fileRef = CEAFA5E61FDDB697004F16A5 /* MainNavigationController.swift */; };
/* End PBXBuildFile section */

/* Begin PBXContainerItemProxy section */
		CEAFA5C51FDDB1F2004F16A5 /* PBXContainerItemProxy */ = {
			isa = PBXContainerItemProxy;
			containerPortal = CEAFA5A81FDDB1F1004F16A5 /* Project object */;
			proxyType = 1;
			remoteGlobalIDString = CEAFA5AF1FDDB1F1004F16A5;
			remoteInfo = navigation_controller;
		};
		CEAFA5D01FDDB1F2004F16A5 /* PBXContainerItemProxy */ = {
			isa = PBXContainerItemProxy;
			containerPortal = CEAFA5A81FDDB1F1004F16A5 /* Project object */;
			proxyType = 1;
			remoteGlobalIDString = CEAFA5AF1FDDB1F1004F16A5;
			remoteInfo = navigation_controller;
		};
/* End PBXContainerItemProxy section */

/* Begin PBXFileReference section */
		CEAFA5B01FDDB1F1004F16A5 /* navigation_controller.app */ = {isa = PBXFileReference; explicitFileType = wrapper.application; includeInIndex = 0; path = navigation_controller.app; sourceTree = BUILT_PRODUCTS_DIR; };
		CEAFA5B31FDDB1F1004F16A5 /* AppDelegate.swift */ = {isa = PBXFileReference; lastKnownFileType = sourcecode.swift; path = AppDelegate.swift; sourceTree = "<group>"; };
		CEAFA5B51FDDB1F1004F16A5 /* ViewController.swift */ = {isa = PBXFileReference; lastKnownFileType = sourcecode.swift; path = ViewController.swift; sourceTree = "<group>"; };
		CEAFA5B81FDDB1F1004F16A5 /* Base */ = {isa = PBXFileReference; lastKnownFileType = file.storyboard; name = Base; path = Base.lproj/Main.storyboard; sourceTree = "<group>"; };
		CEAFA5BA1FDDB1F1004F16A5 /* Assets.xcassets */ = {isa = PBXFileReference; lastKnownFileType = folder.assetcatalog; path = Assets.xcassets; sourceTree = "<group>"; };
		CEAFA5BD1FDDB1F2004F16A5 /* Base */ = {isa = PBXFileReference; lastKnownFileType = file.storyboard; name = Base; path = Base.lproj/LaunchScreen.storyboard; sourceTree = "<group>"; };
		CEAFA5BF1FDDB1F2004F16A5 /* Info.plist */ = {isa = PBXFileReference; lastKnownFileType = text.plist.xml; path = Info.plist; sourceTree = "<group>"; };
		CEAFA5C41FDDB1F2004F16A5 /* navigation_controllerTests.xctest */ = {isa = PBXFileReference; explicitFileType = wrapper.cfbundle; includeInIndex = 0; path = navigation_controllerTests.xctest; sourceTree = BUILT_PRODUCTS_DIR; };
		CEAFA5C81FDDB1F2004F16A5 /* navigation_controllerTests.swift */ = {isa = PBXFileReference; lastKnownFileType = sourcecode.swift; path = navigation_controllerTests.swift; sourceTree = "<group>"; };
		CEAFA5CA1FDDB1F2004F16A5 /* Info.plist */ = {isa = PBXFileReference; lastKnownFileType = text.plist.xml; path = Info.plist; sourceTree = "<group>"; };
		CEAFA5CF1FDDB1F2004F16A5 /* navigation_controllerUITests.xctest */ = {isa = PBXFileReference; explicitFileType = wrapper.cfbundle; includeInIndex = 0; path = navigation_controllerUITests.xctest; sourceTree = BUILT_PRODUCTS_DIR; };
		CEAFA5D31FDDB1F2004F16A5 /* navigation_controllerUITests.swift */ = {isa = PBXFileReference; lastKnownFileType = sourcecode.swift; path = navigation_controllerUITests.swift; sourceTree = "<group>"; };
		CEAFA5D51FDDB1F2004F16A5 /* Info.plist */ = {isa = PBXFileReference; lastKnownFileType = text.plist.xml; path = Info.plist; sourceTree = "<group>"; };
		CEAFA5E11FDDB293004F16A5 /* LoginViewController.swift */ = {isa = PBXFileReference; lastKnownFileType = sourcecode.swift; path = LoginViewController.swift; sourceTree = "<group>"; };
		CEAFA5E31FDDB546004F16A5 /* DetailViewController.swift */ = {isa = PBXFileReference; lastKnownFileType = sourcecode.swift; path = DetailViewController.swift; sourceTree = "<group>"; };
		CEAFA5E61FDDB697004F16A5 /* MainNavigationController.swift */ = {isa = PBXFileReference; lastKnownFileType = sourcecode.swift; path = MainNavigationController.swift; sourceTree = "<group>"; };
/* End PBXFileReference section */

/* Begin PBXFrameworksBuildPhase section */
		CEAFA5AD1FDDB1F1004F16A5 /* Frameworks */ = {
			isa = PBXFrameworksBuildPhase;
			buildActionMask = 2147483647;
			files = (
			);
			runOnlyForDeploymentPostprocessing = 0;
		};
		CEAFA5C11FDDB1F2004F16A5 /* Frameworks */ = {
			isa = PBXFrameworksBuildPhase;
			buildActionMask = 2147483647;
			files = (
			);
			runOnlyForDeploymentPostprocessing = 0;
		};
		CEAFA5CC1FDDB1F2004F16A5 /* Frameworks */ = {
			isa = PBXFrameworksBuildPhase;
			buildActionMask = 2147483647;
			files = (
			);
			runOnlyForDeploymentPostprocessing = 0;
		};
/* End PBXFrameworksBuildPhase section */

/* Begin PBXGroup section */
		CEAFA5A71FDDB1F1004F16A5 = {
			isa = PBXGroup;
			children = (
				CEAFA5B21FDDB1F1004F16A5 /* navigation_controller */,
				CEAFA5C71FDDB1F2004F16A5 /* navigation_controllerTests */,
				CEAFA5D21FDDB1F2004F16A5 /* navigation_controllerUITests */,
				CEAFA5B11FDDB1F1004F16A5 /* Products */,
			);
			sourceTree = "<group>";
		};
		CEAFA5B11FDDB1F1004F16A5 /* Products */ = {
			isa = PBXGroup;
			children = (
				CEAFA5B01FDDB1F1004F16A5 /* navigation_controller.app */,
				CEAFA5C41FDDB1F2004F16A5 /* navigation_controllerTests.xctest */,
				CEAFA5CF1FDDB1F2004F16A5 /* navigation_controllerUITests.xctest */,
			);
			name = Products;
			sourceTree = "<group>";
		};
		CEAFA5B21FDDB1F1004F16A5 /* navigation_controller */ = {
			isa = PBXGroup;
			children = (
				CEAFA5B31FDDB1F1004F16A5 /* AppDelegate.swift */,
				CEAFA5B51FDDB1F1004F16A5 /* ViewController.swift */,
				CEAFA5B71FDDB1F1004F16A5 /* Main.storyboard */,
				CEAFA5BA1FDDB1F1004F16A5 /* Assets.xcassets */,
				CEAFA5BC1FDDB1F2004F16A5 /* LaunchScreen.storyboard */,
				CEAFA5BF1FDDB1F2004F16A5 /* Info.plist */,
				CEAFA5E11FDDB293004F16A5 /* LoginViewController.swift */,
				CEAFA5E31FDDB546004F16A5 /* DetailViewController.swift */,
				CEAFA5E61FDDB697004F16A5 /* MainNavigationController.swift */,
			);
			path = navigation_controller;
			sourceTree = "<group>";
		};
		CEAFA5C71FDDB1F2004F16A5 /* navigation_controllerTests */ = {
			isa = PBXGroup;
			children = (
				CEAFA5C81FDDB1F2004F16A5 /* navigation_controllerTests.swift */,
				CEAFA5CA1FDDB1F2004F16A5 /* Info.plist */,
			);
			path = navigation_controllerTests;
			sourceTree = "<group>";
		};
		CEAFA5D21FDDB1F2004F16A5 /* navigation_controllerUITests */ = {
			isa = PBXGroup;
			children = (
				CEAFA5D31FDDB1F2004F16A5 /* navigation_controllerUITests.swift */,
				CEAFA5D51FDDB1F2004F16A5 /* Info.plist */,
			);
			path = navigation_controllerUITests;
			sourceTree = "<group>";
		};
/* End PBXGroup section */

/* Begin PBXNativeTarget section */
		CEAFA5AF1FDDB1F1004F16A5 /* navigation_controller */ = {
			isa = PBXNativeTarget;
			buildConfigurationList = CEAFA5D81FDDB1F2004F16A5 /* Build configuration list for PBXNativeTarget "navigation_controller" */;
			buildPhases = (
				CEAFA5AC1FDDB1F1004F16A5 /* Sources */,
				CEAFA5AD1FDDB1F1004F16A5 /* Frameworks */,
				CEAFA5AE1FDDB1F1004F16A5 /* Resources */,
			);
			buildRules = (
			);
			dependencies = (
			);
			name = navigation_controller;
			productName = navigation_controller;
			productReference = CEAFA5B01FDDB1F1004F16A5 /* navigation_controller.app */;
			productType = "com.apple.product-type.application";
		};
		CEAFA5C31FDDB1F2004F16A5 /* navigation_controllerTests */ = {
			isa = PBXNativeTarget;
			buildConfigurationList = CEAFA5DB1FDDB1F2004F16A5 /* Build configuration list for PBXNativeTarget "navigation_controllerTests" */;
			buildPhases = (
				CEAFA5C01FDDB1F2004F16A5 /* Sources */,
				CEAFA5C11FDDB1F2004F16A5 /* Frameworks */,
				CEAFA5C21FDDB1F2004F16A5 /* Resources */,
			);
			buildRules = (
			);
			dependencies = (
				CEAFA5C61FDDB1F2004F16A5 /* PBXTargetDependency */,
			);
			name = navigation_controllerTests;
			productName = navigation_controllerTests;
			productReference = CEAFA5C41FDDB1F2004F16A5 /* navigation_controllerTests.xctest */;
			productType = "com.apple.product-type.bundle.unit-test";
		};
		CEAFA5CE1FDDB1F2004F16A5 /* navigation_controllerUITests */ = {
			isa = PBXNativeTarget;
			buildConfigurationList = CEAFA5DE1FDDB1F2004F16A5 /* Build configuration list for PBXNativeTarget "navigation_controllerUITests" */;
			buildPhases = (
				CEAFA5CB1FDDB1F2004F16A5 /* Sources */,
				CEAFA5CC1FDDB1F2004F16A5 /* Frameworks */,
				CEAFA5CD1FDDB1F2004F16A5 /* Resources */,
			);
			buildRules = (
			);
			dependencies = (
				CEAFA5D11FDDB1F2004F16A5 /* PBXTargetDependency */,
			);
			name = navigation_controllerUITests;
			productName = navigation_controllerUITests;
			productReference = CEAFA5CF1FDDB1F2004F16A5 /* navigation_controllerUITests.xctest */;
			productType = "com.apple.product-type.bundle.ui-testing";
		};
/* End PBXNativeTarget section */

/* Begin PBXProject section */
		CEAFA5A81FDDB1F1004F16A5 /* Project object */ = {
			isa = PBXProject;
			attributes = {
				LastSwiftUpdateCheck = 0910;
				LastUpgradeCheck = 0910;
				ORGANIZATIONNAME = User;
				TargetAttributes = {
					CEAFA5AF1FDDB1F1004F16A5 = {
						CreatedOnToolsVersion = 9.1;
						ProvisioningStyle = Automatic;
					};
					CEAFA5C31FDDB1F2004F16A5 = {
						CreatedOnToolsVersion = 9.1;
						ProvisioningStyle = Automatic;
						TestTargetID = CEAFA5AF1FDDB1F1004F16A5;
					};
					CEAFA5CE1FDDB1F2004F16A5 = {
						CreatedOnToolsVersion = 9.1;
						ProvisioningStyle = Automatic;
						TestTargetID = CEAFA5AF1FDDB1F1004F16A5;
					};
				};
			};
			buildConfigurationList = CEAFA5AB1FDDB1F1004F16A5 /* Build configuration list for PBXProject "navigation_controller" */;
			compatibilityVersion = "Xcode 8.0";
			developmentRegion = en;
			hasScannedForEncodings = 0;
			knownRegions = (
				en,
				Base,
			);
			mainGroup = CEAFA5A71FDDB1F1004F16A5;
			productRefGroup = CEAFA5B11FDDB1F1004F16A5 /* Products */;
			projectDirPath = "";
			projectRoot = "";
			targets = (
				CEAFA5AF1FDDB1F1004F16A5 /* navigation_controller */,
				CEAFA5C31FDDB1F2004F16A5 /* navigation_controllerTests */,
				CEAFA5CE1FDDB1F2004F16A5 /* navigation_controllerUITests */,
			);
		};
/* End PBXProject section */

/* Begin PBXResourcesBuildPhase section */
		CEAFA5AE1FDDB1F1004F16A5 /* Resources */ = {
			isa = PBXResourcesBuildPhase;
			buildActionMask = 2147483647;
			files = (
				CEAFA5BE1FDDB1F2004F16A5 /* LaunchScreen.storyboard in Resources */,
				CEAFA5BB1FDDB1F1004F16A5 /* Assets.xcassets in Resources */,
				CEAFA5B91FDDB1F1004F16A5 /* Main.storyboard in Resources */,
			);
			runOnlyForDeploymentPostprocessing = 0;
		};
		CEAFA5C21FDDB1F2004F16A5 /* Resources */ = {
			isa = PBXResourcesBuildPhase;
			buildActionMask = 2147483647;
			files = (
			);
			runOnlyForDeploymentPostprocessing = 0;
		};
		CEAFA5CD1FDDB1F2004F16A5 /* Resources */ = {
			isa = PBXResourcesBuildPhase;
			buildActionMask = 2147483647;
			files = (
			);
			runOnlyForDeploymentPostprocessing = 0;
		};
/* End PBXResourcesBuildPhase section */

/* Begin PBXSourcesBuildPhase section */
		CEAFA5AC1FDDB1F1004F16A5 /* Sources */ = {
			isa = PBXSourcesBuildPhase;
			buildActionMask = 2147483647;
			files = (
				CEAFA5E71FDDB697004F16A5 /* MainNavigationController.swift in Sources */,
				CEAFA5E21FDDB293004F16A5 /* LoginViewController.swift in Sources */,
				CEAFA5B61FDDB1F1004F16A5 /* ViewController.swift in Sources */,
				CEAFA5B41FDDB1F1004F16A5 /* AppDelegate.swift in Sources */,
				CEAFA5E41FDDB546004F16A5 /* DetailViewController.swift in Sources */,
			);
			runOnlyForDeploymentPostprocessing = 0;
		};
		CEAFA5C01FDDB1F2004F16A5 /* Sources */ = {
			isa = PBXSourcesBuildPhase;
			buildActionMask = 2147483647;
			files = (
				CEAFA5C91FDDB1F2004F16A5 /* navigation_controllerTests.swift in Sources */,
			);
			runOnlyForDeploymentPostprocessing = 0;
		};
		CEAFA5CB1FDDB1F2004F16A5 /* Sources */ = {
			isa = PBXSourcesBuildPhase;
			buildActionMask = 2147483647;
			files = (
				CEAFA5D41FDDB1F2004F16A5 /* navigation_controllerUITests.swift in Sources */,
			);
			runOnlyForDeploymentPostprocessing = 0;
		};
/* End PBXSourcesBuildPhase section */

/* Begin PBXTargetDependency section */
		CEAFA5C61FDDB1F2004F16A5 /* PBXTargetDependency */ = {
			isa = PBXTargetDependency;
			target = CEAFA5AF1FDDB1F1004F16A5 /* navigation_controller */;
			targetProxy = CEAFA5C51FDDB1F2004F16A5 /* PBXContainerItemProxy */;
		};
		CEAFA5D11FDDB1F2004F16A5 /* PBXTargetDependency */ = {
			isa = PBXTargetDependency;
			target = CEAFA5AF1FDDB1F1004F16A5 /* navigation_controller */;
			targetProxy = CEAFA5D01FDDB1F2004F16A5 /* PBXContainerItemProxy */;
		};
/* End PBXTargetDependency section */

/* Begin PBXVariantGroup section */
		CEAFA5B71FDDB1F1004F16A5 /* Main.storyboard */ = {
			isa = PBXVariantGroup;
			children = (
				CEAFA5B81FDDB1F1004F16A5 /* Base */,
			);
			name = Main.storyboard;
			sourceTree = "<group>";
		};
		CEAFA5BC1FDDB1F2004F16A5 /* LaunchScreen.storyboard */ = {
			isa = PBXVariantGroup;
			children = (
				CEAFA5BD1FDDB1F2004F16A5 /* Base */,
			);
			name = LaunchScreen.storyboard;
			sourceTree = "<group>";
		};
/* End PBXVariantGroup section */

/* Begin XCBuildConfiguration section */
		CEAFA5D61FDDB1F2004F16A5 /* Debug */ = {
			isa = XCBuildConfiguration;
			buildSettings = {
				ALWAYS_SEARCH_USER_PATHS = NO;
				CLANG_ANALYZER_NONNULL = YES;
				CLANG_ANALYZER_NUMBER_OBJECT_CONVERSION = YES_AGGRESSIVE;
				CLANG_CXX_LANGUAGE_STANDARD = "gnu++14";
				CLANG_CXX_LIBRARY = "libc++";
				CLANG_ENABLE_MODULES = YES;
				CLANG_ENABLE_OBJC_ARC = YES;
				CLANG_WARN_BLOCK_CAPTURE_AUTORELEASING = YES;
				CLANG_WARN_BOOL_CONVERSION = YES;
				CLANG_WARN_COMMA = YES;
				CLANG_WARN_CONSTANT_CONVERSION = YES;
				CLANG_WARN_DIRECT_OBJC_ISA_USAGE = YES_ERROR;
				CLANG_WARN_DOCUMENTATION_COMMENTS = YES;
				CLANG_WARN_EMPTY_BODY = YES;
				CLANG_WARN_ENUM_CONVERSION = YES;
				CLANG_WARN_INFINITE_RECURSION = YES;
				CLANG_WARN_INT_CONVERSION = YES;
				CLANG_WARN_NON_LITERAL_NULL_CONVERSION = YES;
				CLANG_WARN_OBJC_LITERAL_CONVERSION = YES;
				CLANG_WARN_OBJC_ROOT_CLASS = YES_ERROR;
				CLANG_WARN_RANGE_LOOP_ANALYSIS = YES;
				CLANG_WARN_STRICT_PROTOTYPES = YES;
				CLANG_WARN_SUSPICIOUS_MOVE = YES;
				CLANG_WARN_UNGUARDED_AVAILABILITY = YES_AGGRESSIVE;
				CLANG_WARN_UNREACHABLE_CODE = YES;
				CLANG_WARN__DUPLICATE_METHOD_MATCH = YES;
				CODE_SIGN_IDENTITY = "iPhone Developer";
				COPY_PHASE_STRIP = NO;
				DEBUG_INFORMATION_FORMAT = dwarf;
				ENABLE_STRICT_OBJC_MSGSEND = YES;
				ENABLE_TESTABILITY = YES;
				GCC_C_LANGUAGE_STANDARD = gnu11;
				GCC_DYNAMIC_NO_PIC = NO;
				GCC_NO_COMMON_BLOCKS = YES;
				GCC_OPTIMIZATION_LEVEL = 0;
				GCC_PREPROCESSOR_DEFINITIONS = (
					"DEBUG=1",
					"$(inherited)",
				);
				GCC_WARN_64_TO_32_BIT_CONVERSION = YES;
				GCC_WARN_ABOUT_RETURN_TYPE = YES_ERROR;
				GCC_WARN_UNDECLARED_SELECTOR = YES;
				GCC_WARN_UNINITIALIZED_AUTOS = YES_AGGRESSIVE;
				GCC_WARN_UNUSED_FUNCTION = YES;
				GCC_WARN_UNUSED_VARIABLE = YES;
				IPHONEOS_DEPLOYMENT_TARGET = 11.1;
				MTL_ENABLE_DEBUG_INFO = YES;
				ONLY_ACTIVE_ARCH = YES;
				SDKROOT = iphoneos;
				SWIFT_ACTIVE_COMPILATION_CONDITIONS = DEBUG;
				SWIFT_OPTIMIZATION_LEVEL = "-Onone";
			};
			name = Debug;
		};
		CEAFA5D71FDDB1F2004F16A5 /* Release */ = {
			isa = XCBuildConfiguration;
			buildSettings = {
				ALWAYS_SEARCH_USER_PATHS = NO;
				CLANG_ANALYZER_NONNULL = YES;
				CLANG_ANALYZER_NUMBER_OBJECT_CONVERSION = YES_AGGRESSIVE;
				CLANG_CXX_LANGUAGE_STANDARD = "gnu++14";
				CLANG_CXX_LIBRARY = "libc++";
				CLANG_ENABLE_MODULES = YES;
				CLANG_ENABLE_OBJC_ARC = YES;
				CLANG_WARN_BLOCK_CAPTURE_AUTORELEASING = YES;
				CLANG_WARN_BOOL_CONVERSION = YES;
				CLANG_WARN_COMMA = YES;
				CLANG_WARN_CONSTANT_CONVERSION = YES;
				CLANG_WARN_DIRECT_OBJC_ISA_USAGE = YES_ERROR;
				CLANG_WARN_DOCUMENTATION_COMMENTS = YES;
				CLANG_WARN_EMPTY_BODY = YES;
				CLANG_WARN_ENUM_CONVERSION = YES;
				CLANG_WARN_INFINITE_RECURSION = YES;
				CLANG_WARN_INT_CONVERSION = YES;
				CLANG_WARN_NON_LITERAL_NULL_CONVERSION = YES;
				CLANG_WARN_OBJC_LITERAL_CONVERSION = YES;
				CLANG_WARN_OBJC_ROOT_CLASS = YES_ERROR;
				CLANG_WARN_RANGE_LOOP_ANALYSIS = YES;
				CLANG_WARN_STRICT_PROTOTYPES = YES;
				CLANG_WARN_SUSPICIOUS_MOVE = YES;
				CLANG_WARN_UNGUARDED_AVAILABILITY = YES_AGGRESSIVE;
				CLANG_WARN_UNREACHABLE_CODE = YES;
				CLANG_WARN__DUPLICATE_METHOD_MATCH = YES;
				CODE_SIGN_IDENTITY = "iPhone Developer";
				COPY_PHASE_STRIP = NO;
				DEBUG_INFORMATION_FORMAT = "dwarf-with-dsym";
				ENABLE_NS_ASSERTIONS = NO;
				ENABLE_STRICT_OBJC_MSGSEND = YES;
				GCC_C_LANGUAGE_STANDARD = gnu11;
				GCC_NO_COMMON_BLOCKS = YES;
				GCC_WARN_64_TO_32_BIT_CONVERSION = YES;
				GCC_WARN_ABOUT_RETURN_TYPE = YES_ERROR;
				GCC_WARN_UNDECLARED_SELECTOR = YES;
				GCC_WARN_UNINITIALIZED_AUTOS = YES_AGGRESSIVE;
				GCC_WARN_UNUSED_FUNCTION = YES;
				GCC_WARN_UNUSED_VARIABLE = YES;
				IPHONEOS_DEPLOYMENT_TARGET = 11.1;
				MTL_ENABLE_DEBUG_INFO = NO;
				SDKROOT = iphoneos;
				SWIFT_OPTIMIZATION_LEVEL = "-Owholemodule";
				VALIDATE_PRODUCT = YES;
			};
			name = Release;
		};
		CEAFA5D91FDDB1F2004F16A5 /* Debug */ = {
			isa = XCBuildConfiguration;
			buildSettings = {
				ASSETCATALOG_COMPILER_APPICON_NAME = AppIcon;
				CODE_SIGN_STYLE = Automatic;
				INFOPLIST_FILE = navigation_controller/Info.plist;
				LD_RUNPATH_SEARCH_PATHS = "$(inherited) @executable_path/Frameworks";
				PRODUCT_BUNDLE_IDENTIFIER = "the-first.navigation-controller";
				PRODUCT_NAME = "$(TARGET_NAME)";
				SWIFT_VERSION = 4.0;
				TARGETED_DEVICE_FAMILY = "1,2";
			};
			name = Debug;
		};
		CEAFA5DA1FDDB1F2004F16A5 /* Release */ = {
			isa = XCBuildConfiguration;
			buildSettings = {
				ASSETCATALOG_COMPILER_APPICON_NAME = AppIcon;
				CODE_SIGN_STYLE = Automatic;
				INFOPLIST_FILE = navigation_controller/Info.plist;
				LD_RUNPATH_SEARCH_PATHS = "$(inherited) @executable_path/Frameworks";
				PRODUCT_BUNDLE_IDENTIFIER = "the-first.navigation-controller";
				PRODUCT_NAME = "$(TARGET_NAME)";
				SWIFT_VERSION = 4.0;
				TARGETED_DEVICE_FAMILY = "1,2";
			};
			name = Release;
		};
		CEAFA5DC1FDDB1F2004F16A5 /* Debug */ = {
			isa = XCBuildConfiguration;
			buildSettings = {
				ALWAYS_EMBED_SWIFT_STANDARD_LIBRARIES = YES;
				BUNDLE_LOADER = "$(TEST_HOST)";
				CODE_SIGN_STYLE = Automatic;
				INFOPLIST_FILE = navigation_controllerTests/Info.plist;
				LD_RUNPATH_SEARCH_PATHS = "$(inherited) @executable_path/Frameworks @loader_path/Frameworks";
				PRODUCT_BUNDLE_IDENTIFIER = "the-first.navigation-controllerTests";
				PRODUCT_NAME = "$(TARGET_NAME)";
				SWIFT_VERSION = 4.0;
				TARGETED_DEVICE_FAMILY = "1,2";
				TEST_HOST = "$(BUILT_PRODUCTS_DIR)/navigation_controller.app/navigation_controller";
			};
			name = Debug;
		};
		CEAFA5DD1FDDB1F2004F16A5 /* Release */ = {
			isa = XCBuildConfiguration;
			buildSettings = {
				ALWAYS_EMBED_SWIFT_STANDARD_LIBRARIES = YES;
				BUNDLE_LOADER = "$(TEST_HOST)";
				CODE_SIGN_STYLE = Automatic;
				INFOPLIST_FILE = navigation_controllerTests/Info.plist;
				LD_RUNPATH_SEARCH_PATHS = "$(inherited) @executable_path/Frameworks @loader_path/Frameworks";
				PRODUCT_BUNDLE_IDENTIFIER = "the-first.navigation-controllerTests";
				PRODUCT_NAME = "$(TARGET_NAME)";
				SWIFT_VERSION = 4.0;
				TARGETED_DEVICE_FAMILY = "1,2";
				TEST_HOST = "$(BUILT_PRODUCTS_DIR)/navigation_controller.app/navigation_controller";
			};
			name = Release;
		};
		CEAFA5DF1FDDB1F2004F16A5 /* Debug */ = {
			isa = XCBuildConfiguration;
			buildSettings = {
				ALWAYS_EMBED_SWIFT_STANDARD_LIBRARIES = YES;
				CODE_SIGN_STYLE = Automatic;
				INFOPLIST_FILE = navigation_controllerUITests/Info.plist;
				LD_RUNPATH_SEARCH_PATHS = "$(inherited) @executable_path/Frameworks @loader_path/Frameworks";
				PRODUCT_BUNDLE_IDENTIFIER = "the-first.navigation-controllerUITests";
				PRODUCT_NAME = "$(TARGET_NAME)";
				SWIFT_VERSION = 4.0;
				TARGETED_DEVICE_FAMILY = "1,2";
				TEST_TARGET_NAME = navigation_controller;
			};
			name = Debug;
		};
		CEAFA5E01FDDB1F2004F16A5 /* Release */ = {
			isa = XCBuildConfiguration;
			buildSettings = {
				ALWAYS_EMBED_SWIFT_STANDARD_LIBRARIES = YES;
				CODE_SIGN_STYLE = Automatic;
				INFOPLIST_FILE = navigation_controllerUITests/Info.plist;
				LD_RUNPATH_SEARCH_PATHS = "$(inherited) @executable_path/Frameworks @loader_path/Frameworks";
				PRODUCT_BUNDLE_IDENTIFIER = "the-first.navigation-controllerUITests";
				PRODUCT_NAME = "$(TARGET_NAME)";
				SWIFT_VERSION = 4.0;
				TARGETED_DEVICE_FAMILY = "1,2";
				TEST_TARGET_NAME = navigation_controller;
			};
			name = Release;
		};
/* End XCBuildConfiguration section */

/* Begin XCConfigurationList section */
		CEAFA5AB1FDDB1F1004F16A5 /* Build configuration list for PBXProject "navigation_controller" */ = {
			isa = XCConfigurationList;
			buildConfigurations = (
				CEAFA5D61FDDB1F2004F16A5 /* Debug */,
				CEAFA5D71FDDB1F2004F16A5 /* Release */,
			);
			defaultConfigurationIsVisible = 0;
			defaultConfigurationName = Release;
		};
		CEAFA5D81FDDB1F2004F16A5 /* Build configuration list for PBXNativeTarget "navigation_controller" */ = {
			isa = XCConfigurationList;
			buildConfigurations = (
				CEAFA5D91FDDB1F2004F16A5 /* Debug */,
				CEAFA5DA1FDDB1F2004F16A5 /* Release */,
			);
			defaultConfigurationIsVisible = 0;
			defaultConfigurationName = Release;
		};
		CEAFA5DB1FDDB1F2004F16A5 /* Build configuration list for PBXNativeTarget "navigation_controllerTests" */ = {
			isa = XCConfigurationList;
			buildConfigurations = (
				CEAFA5DC1FDDB1F2004F16A5 /* Debug */,
				CEAFA5DD1FDDB1F2004F16A5 /* Release */,
			);
			defaultConfigurationIsVisible = 0;
			defaultConfigurationName = Release;
		};
		CEAFA5DE1FDDB1F2004F16A5 /* Build configuration list for PBXNativeTarget "navigation_controllerUITests" */ = {
			isa = XCConfigurationList;
			buildConfigurations = (
				CEAFA5DF1FDDB1F2004F16A5 /* Debug */,
				CEAFA5E01FDDB1F2004F16A5 /* Release */,
			);
			defaultConfigurationIsVisible = 0;
			defaultConfigurationName = Release;
		};
/* End XCConfigurationList section */
	};
	rootObject = CEAFA5A81FDDB1F1004F16A5 /* Project object */;
}
